
Microsoft Visual Studio Solution File, Format Version 12.00
# Visual Studio Version 17
VisualStudioVersion = 17.11.35222.181
MinimumVisualStudioVersion = 10.0.40219.1
Project("{FAE04EC0-301F-11D3-BF4B-00C04F79EFBC}") = "Products", "Products/Products.csproj", "{BF89C5B6-35B4-4812-90F9-396A42616E7D}"
EndProject
Global
	GlobalSection(SolutionConfigurationPlatforms) = preSolution
		Debug|Any CPU = Debug|Any CPU
		Release|Any CPU = Release|Any CPU
	EndGlobalSection
	GlobalSection(ProjectConfigurationPlatforms) = postSolution
		{BF89C5B6-35B4-4812-90F9-396A42616E7D}.Debug|Any CPU.ActiveCfg = Debug|Any CPU
		{BF89C5B6-35B4-4812-90F9-396A42616E7D}.Debug|Any CPU.Build.0 = Debug|Any CPU
		{BF89C5B6-35B4-4812-90F9-396A42616E7D}.Release|Any CPU.ActiveCfg = Release|Any CPU
		{BF89C5B6-35B4-4812-90F9-396A42616E7D}.Release|Any CPU.Build.0 = Release|Any CPU
	EndGlobalSection
	GlobalSection(SolutionProperties) = preSolution
		HideSolutionNode = FALSE
	EndGlobalSection
	GlobalSection(ExtensibilityGlobals) = postSolution
		SolutionGuid = {D3AE9ACB-1E8A-48F9-8106-99C3185D9619}
	EndGlobalSection
EndGlobal
